{
  "name": "mern_auth",
  "lockfileVersion": 3,
  "requires": true,
  "packages": {
    "": {
      "dependencies": {
        "resend": "^6.0.0"
      }
    },
    "node_modules/resend": {
      "version": "6.0.0",
      "resolved": "https://registry.npmjs.org/resend/-/resend-6.0.0.tgz",
      "integrity": "sha512-YOqhUbdrAvlC+mAV0Ga7qD8jG+fJTvrYVaIpr5Dgs+557RnC5p/6V3me5fQFK3bEpbBA9Gz3SRf6uG+fZriqUw==",
      "engines": {
        "node": ">=18"
      },
      "peerDependencies": {
        "@react-email/render": "^1.1.0"
      },
      "peerDependenciesMeta": {
        "@react-email/render": {
          "optional": true
        }
      }
    }
  }
}
